
Microsoft Visual Studio Solution File, Format Version 12.00
# Visual Studio Version 17
VisualStudioVersion = 17.9.34607.119
MinimumVisualStudioVersion = 10.0.40219.1
Project("{FAE04EC0-301F-11D3-BF4B-00C04F79EFBC}") = "UML", "UML\UML.csproj", "{E10D2AC8-0769-4A26-81BB-7FB982141FC6}"
EndProject
Global
	GlobalSection(SolutionConfigurationPlatforms) = preSolution
		Debug|Any CPU = Debug|Any CPU
		Release|Any CPU = Release|Any CPU
	EndGlobalSection
	GlobalSection(ProjectConfigurationPlatforms) = postSolution
		{E10D2AC8-0769-4A26-81BB-7FB982141FC6}.Debug|Any CPU.ActiveCfg = Debug|Any CPU
		{E10D2AC8-0769-4A26-81BB-7FB982141FC6}.Debug|Any CPU.Build.0 = Debug|Any CPU
		{E10D2AC8-0769-4A26-81BB-7FB982141FC6}.Release|Any CPU.ActiveCfg = Release|Any CPU
		{E10D2AC8-0769-4A26-81BB-7FB982141FC6}.Release|Any CPU.Build.0 = Release|Any CPU
	EndGlobalSection
	GlobalSection(SolutionProperties) = preSolution
		HideSolutionNode = FALSE
	EndGlobalSection
	GlobalSection(ExtensibilityGlobals) = postSolution
		SolutionGuid = {349D0D15-35D1-4718-A22B-32DDD5D99BCF}
	EndGlobalSection
EndGlobal
